// !$*UTF8*$!
{
	archiveVersion = 1;
	classes = {
	};
	objectVersion = 46;
	objects = {

/* Begin PBXBuildFile section */
		890D3E5D1D493931008F96DF /* Scene.swift in Sources */ = {isa = PBXBuildFile; fileRef = 890D3E5C1D493931008F96DF /* Scene.swift */; };
		890D3E5F1D493A20008F96DF /* Repository.swift in Sources */ = {isa = PBXBuildFile; fileRef = 890D3E5E1D493A20008F96DF /* Repository.swift */; };
		890D3E611D493A8C008F96DF /* Storage.swift in Sources */ = {isa = PBXBuildFile; fileRef = 890D3E601D493A8C008F96DF /* Storage.swift */; };
		890D3E631D493B98008F96DF /* Character.swift in Sources */ = {isa = PBXBuildFile; fileRef = 890D3E621D493B98008F96DF /* Character.swift */; };
		890D3E651D493E8E008F96DF /* SceneSelectViewController.swift in Sources */ = {isa = PBXBuildFile; fileRef = 890D3E641D493E8E008F96DF /* SceneSelectViewController.swift */; };
		890D3E691D494A5D008F96DF /* VideoMerger.swift in Sources */ = {isa = PBXBuildFile; fileRef = 890D3E681D494A5D008F96DF /* VideoMerger.swift */; };
		89114E211D45A29E0078205C /* Assets.xcassets in Resources */ = {isa = PBXBuildFile; fileRef = 89114E201D45A29E0078205C /* Assets.xcassets */; };
		8942C7611D976D8D009F70A0 /* BardEditorViewController.swift in Sources */ = {isa = PBXBuildFile; fileRef = 8942C7601D976D8D009F70A0 /* BardEditorViewController.swift */; };
		8942C7631D98C0E4009F70A0 /* SocialShareCollectionViewCell.swift in Sources */ = {isa = PBXBuildFile; fileRef = 8942C7621D98C0E4009F70A0 /* SocialShareCollectionViewCell.swift */; };
		8942C7651D996F23009F70A0 /* FBSDKCoreKit.framework in Frameworks */ = {isa = PBXBuildFile; fileRef = 8942C7641D996F23009F70A0 /* FBSDKCoreKit.framework */; };
		8942C7671D996F44009F70A0 /* FBSDKLoginKit.framework in Frameworks */ = {isa = PBXBuildFile; fileRef = 8942C7661D996F44009F70A0 /* FBSDKLoginKit.framework */; };
		8942C7691D996F81009F70A0 /* FBSDKShareKit.framework in Frameworks */ = {isa = PBXBuildFile; fileRef = 8942C7681D996F81009F70A0 /* FBSDKShareKit.framework */; };
		8942C76B1D996FA0009F70A0 /* FBSDKMessengerShareKit.framework in Frameworks */ = {isa = PBXBuildFile; fileRef = 8942C76A1D996FA0009F70A0 /* FBSDKMessengerShareKit.framework */; };
		8942C76D1D9972D2009F70A0 /* Bolts.framework in Frameworks */ = {isa = PBXBuildFile; fileRef = 8942C76C1D9972D2009F70A0 /* Bolts.framework */; };
		896074881D72495C0072C022 /* NSLayoutConstraint+Helper.swift in Sources */ = {isa = PBXBuildFile; fileRef = 896074871D72495C0072C022 /* NSLayoutConstraint+Helper.swift */; };
		8974AF971D6F8F870022C0B0 /* VideoMergeManager.swift in Sources */ = {isa = PBXBuildFile; fileRef = 8974AF961D6F8F870022C0B0 /* VideoMergeManager.swift */; };
		898CC1191D4D1FEA006D56E4 /* WordTagCollectionViewCell.swift in Sources */ = {isa = PBXBuildFile; fileRef = 898CC1181D4D1FEA006D56E4 /* WordTagCollectionViewCell.swift */; };
		898CC11B1D4D3843006D56E4 /* UILabelWithPadding.swift in Sources */ = {isa = PBXBuildFile; fileRef = 898CC11A1D4D3843006D56E4 /* UILabelWithPadding.swift */; };
		898CC11E1D4E5129006D56E4 /* UIColor+Helper.swift in Sources */ = {isa = PBXBuildFile; fileRef = 898CC11D1D4E5129006D56E4 /* UIColor+Helper.swift */; };
		899145C11D4A873C00C99369 /* SceneTableViewCell.swift in Sources */ = {isa = PBXBuildFile; fileRef = 899145C01D4A873C00C99369 /* SceneTableViewCell.swift */; };
		89C2EEBF1D4FC8E0005BB3C2 /* VideoPlayerViewController.swift in Sources */ = {isa = PBXBuildFile; fileRef = 89C2EEBE1D4FC8E0005BB3C2 /* VideoPlayerViewController.swift */; };
		89C2EEC11D5134F7005BB3C2 /* Analytics.swift in Sources */ = {isa = PBXBuildFile; fileRef = 89C2EEC01D5134F7005BB3C2 /* Analytics.swift */; };
		89C9860F1D45BA720056E687 /* AppDelegate.swift in Sources */ = {isa = PBXBuildFile; fileRef = 89C9860E1D45BA720056E687 /* AppDelegate.swift */; };
		89C986131D45BA800056E687 /* LaunchScreen.storyboard in Resources */ = {isa = PBXBuildFile; fileRef = 89C986101D45BA800056E687 /* LaunchScreen.storyboard */; };
		89C986141D45BA800056E687 /* Login.storyboard in Resources */ = {isa = PBXBuildFile; fileRef = 89C986111D45BA800056E687 /* Login.storyboard */; };
		89C986151D45BA800056E687 /* Main.storyboard in Resources */ = {isa = PBXBuildFile; fileRef = 89C986121D45BA800056E687 /* Main.storyboard */; };
		89C986171D45BA8E0056E687 /* UserConfig.swift in Sources */ = {isa = PBXBuildFile; fileRef = 89C986161D45BA8E0056E687 /* UserConfig.swift */; };
		89C9861C1D45BA990056E687 /* ProfileViewController.swift in Sources */ = {isa = PBXBuildFile; fileRef = 89C986191D45BA990056E687 /* ProfileViewController.swift */; };
		89C9861D1D45BA990056E687 /* RepositoriesViewController.swift in Sources */ = {isa = PBXBuildFile; fileRef = 89C9861A1D45BA990056E687 /* RepositoriesViewController.swift */; };
		89C986201D4660290056E687 /* BorderedButton.swift in Sources */ = {isa = PBXBuildFile; fileRef = 89C9861F1D4660290056E687 /* BorderedButton.swift */; };
		89C986261D46823A0056E687 /* SignupInputViewController.swift in Sources */ = {isa = PBXBuildFile; fileRef = 89C986251D46823A0056E687 /* SignupInputViewController.swift */; };
		89C9862C1D4691D90056E687 /* BorderedTextField.swift in Sources */ = {isa = PBXBuildFile; fileRef = 89C9862B1D4691D90056E687 /* BorderedTextField.swift */; };
		89C9862F1D46A56F0056E687 /* BardClient.swift in Sources */ = {isa = PBXBuildFile; fileRef = 89C9862E1D46A56F0056E687 /* BardClient.swift */; };
		89C986321D46AF230056E687 /* Configuration.swift in Sources */ = {isa = PBXBuildFile; fileRef = 89C986311D46AF230056E687 /* Configuration.swift */; };
		89C986341D46D8350056E687 /* LoginInputViewController.swift in Sources */ = {isa = PBXBuildFile; fileRef = 89C986331D46D8350056E687 /* LoginInputViewController.swift */; };
		89C986371D46E3430056E687 /* Helper.swift in Sources */ = {isa = PBXBuildFile; fileRef = 89C986361D46E3430056E687 /* Helper.swift */; };
		89C986391D46EE040056E687 /* WelcomeViewController.swift in Sources */ = {isa = PBXBuildFile; fileRef = 89C986381D46EE040056E687 /* WelcomeViewController.swift */; };
		89CE80CF1D859F170009796D /* String+Helper.swift in Sources */ = {isa = PBXBuildFile; fileRef = 89CE80CE1D859F170009796D /* String+Helper.swift */; };
		89CE80D11D860EA70009796D /* PreviewTimelineCollectionViewCell.swift in Sources */ = {isa = PBXBuildFile; fileRef = 89CE80D01D860EA70009796D /* PreviewTimelineCollectionViewCell.swift */; };
		89DB08281D9331C1009241FD /* UIImage+Helper.swift in Sources */ = {isa = PBXBuildFile; fileRef = 89DB08271D9331C1009241FD /* UIImage+Helper.swift */; };
		89DB082A1D95E3EE009241FD /* WordTagSelector.swift in Sources */ = {isa = PBXBuildFile; fileRef = 89DB08291D95E3EE009241FD /* WordTagSelector.swift */; };
		89DB082E1D973172009241FD /* SegueFromRight.swift in Sources */ = {isa = PBXBuildFile; fileRef = 89DB082D1D973172009241FD /* SegueFromRight.swift */; };
		89DB08301D97321D009241FD /* UnwindSegueFromRight.swift in Sources */ = {isa = PBXBuildFile; fileRef = 89DB082F1D97321D009241FD /* UnwindSegueFromRight.swift */; };
		89DB08361D97346C009241FD /* ShareEditorViewController.swift in Sources */ = {isa = PBXBuildFile; fileRef = 89DB08351D97346C009241FD /* ShareEditorViewController.swift */; };
		89E3BBE71D47D72300963EEE /* GoogleService-Info.plist in Resources */ = {isa = PBXBuildFile; fileRef = 89E3BBE61D47D72300963EEE /* GoogleService-Info.plist */; };
		89E3BBE91D47F48600963EEE /* CharacterSelectViewController.swift in Sources */ = {isa = PBXBuildFile; fileRef = 89E3BBE81D47F48600963EEE /* CharacterSelectViewController.swift */; };
		89FCDA2F1D4EA09F00326588 /* TabBarViewController.swift in Sources */ = {isa = PBXBuildFile; fileRef = 89FCDA2E1D4EA09F00326588 /* TabBarViewController.swift */; };
		FD17554C7E51AFA7656D7139 /* Pods_Bard.framework in Frameworks */ = {isa = PBXBuildFile; fileRef = 977A13353D1C37465D0C5F9D /* Pods_Bard.framework */; };
/* End PBXBuildFile section */

/* Begin PBXFileReference section */
		42EA2D9D909571F24121B875 /* Pods-Bard.release.xcconfig */ = {isa = PBXFileReference; includeInIndex = 1; lastKnownFileType = text.xcconfig; name = "Pods-Bard.release.xcconfig"; path = "Pods/Target Support Files/Pods-Bard/Pods-Bard.release.xcconfig"; sourceTree = "<group>"; };
		890D3E5C1D493931008F96DF /* Scene.swift */ = {isa = PBXFileReference; fileEncoding = 4; lastKnownFileType = sourcecode.swift; name = Scene.swift; path = models/Scene.swift; sourceTree = "<group>"; };
		890D3E5E1D493A20008F96DF /* Repository.swift */ = {isa = PBXFileReference; fileEncoding = 4; lastKnownFileType = sourcecode.swift; name = Repository.swift; path = models/Repository.swift; sourceTree = "<group>"; };
		890D3E601D493A8C008F96DF /* Storage.swift */ = {isa = PBXFileReference; fileEncoding = 4; lastKnownFileType = sourcecode.swift; name = Storage.swift; path = storage/Storage.swift; sourceTree = "<group>"; };
		890D3E621D493B98008F96DF /* Character.swift */ = {isa = PBXFileReference; fileEncoding = 4; lastKnownFileType = sourcecode.swift; name = Character.swift; path = models/Character.swift; sourceTree = "<group>"; };
		890D3E641D493E8E008F96DF /* SceneSelectViewController.swift */ = {isa = PBXFileReference; fileEncoding = 4; lastKnownFileType = sourcecode.swift; name = SceneSelectViewController.swift; path = ui/SceneSelectViewController.swift; sourceTree = "<group>"; };
		890D3E681D494A5D008F96DF /* VideoMerger.swift */ = {isa = PBXFileReference; fileEncoding = 4; lastKnownFileType = sourcecode.swift; name = VideoMerger.swift; path = models/VideoMerger.swift; sourceTree = "<group>"; };
		89114E141D45A29E0078205C /* Bard.app */ = {isa = PBXFileReference; explicitFileType = wrapper.application; includeInIndex = 0; path = Bard.app; sourceTree = BUILT_PRODUCTS_DIR; };
		89114E201D45A29E0078205C /* Assets.xcassets */ = {isa = PBXFileReference; lastKnownFileType = folder.assetcatalog; path = Assets.xcassets; sourceTree = "<group>"; };
		89114E251D45A29E0078205C /* Info.plist */ = {isa = PBXFileReference; lastKnownFileType = text.plist.xml; path = Info.plist; sourceTree = "<group>"; };
		8929FFFC1D9C84B500BEB83B /* Bard.entitlements */ = {isa = PBXFileReference; lastKnownFileType = text.plist.entitlements; path = Bard.entitlements; sourceTree = "<group>"; };
		8942C7601D976D8D009F70A0 /* BardEditorViewController.swift */ = {isa = PBXFileReference; fileEncoding = 4; lastKnownFileType = sourcecode.swift; name = BardEditorViewController.swift; path = ui/BardEditorViewController.swift; sourceTree = "<group>"; };
		8942C7621D98C0E4009F70A0 /* SocialShareCollectionViewCell.swift */ = {isa = PBXFileReference; fileEncoding = 4; lastKnownFileType = sourcecode.swift; name = SocialShareCollectionViewCell.swift; path = ui/views/SocialShareCollectionViewCell.swift; sourceTree = "<group>"; };
		8942C7641D996F23009F70A0 /* FBSDKCoreKit.framework */ = {isa = PBXFileReference; lastKnownFileType = wrapper.framework; path = FBSDKCoreKit.framework; sourceTree = "<group>"; };
		8942C7661D996F44009F70A0 /* FBSDKLoginKit.framework */ = {isa = PBXFileReference; lastKnownFileType = wrapper.framework; path = FBSDKLoginKit.framework; sourceTree = "<group>"; };
		8942C7681D996F81009F70A0 /* FBSDKShareKit.framework */ = {isa = PBXFileReference; lastKnownFileType = wrapper.framework; path = FBSDKShareKit.framework; sourceTree = "<group>"; };
		8942C76A1D996FA0009F70A0 /* FBSDKMessengerShareKit.framework */ = {isa = PBXFileReference; lastKnownFileType = wrapper.framework; path = FBSDKMessengerShareKit.framework; sourceTree = "<group>"; };
		8942C76C1D9972D2009F70A0 /* Bolts.framework */ = {isa = PBXFileReference; lastKnownFileType = wrapper.framework; path = Bolts.framework; sourceTree = "<group>"; };
		896074871D72495C0072C022 /* NSLayoutConstraint+Helper.swift */ = {isa = PBXFileReference; fileEncoding = 4; lastKnownFileType = sourcecode.swift; name = "NSLayoutConstraint+Helper.swift"; path = "extensions/NSLayoutConstraint+Helper.swift"; sourceTree = "<group>"; };
		8974AF961D6F8F870022C0B0 /* VideoMergeManager.swift */ = {isa = PBXFileReference; fileEncoding = 4; lastKnownFileType = sourcecode.swift; name = VideoMergeManager.swift; path = models/VideoMergeManager.swift; sourceTree = "<group>"; };
		898CC1181D4D1FEA006D56E4 /* WordTagCollectionViewCell.swift */ = {isa = PBXFileReference; fileEncoding = 4; lastKnownFileType = sourcecode.swift; name = WordTagCollectionViewCell.swift; path = ui/views/WordTagCollectionViewCell.swift; sourceTree = "<group>"; };
		898CC11A1D4D3843006D56E4 /* UILabelWithPadding.swift */ = {isa = PBXFileReference; fileEncoding = 4; lastKnownFileType = sourcecode.swift; name = UILabelWithPadding.swift; path = ui/views/UILabelWithPadding.swift; sourceTree = "<group>"; };
		898CC11D1D4E5129006D56E4 /* UIColor+Helper.swift */ = {isa = PBXFileReference; fileEncoding = 4; lastKnownFileType = sourcecode.swift; name = "UIColor+Helper.swift"; path = "extensions/UIColor+Helper.swift"; sourceTree = "<group>"; };
		899145C01D4A873C00C99369 /* SceneTableViewCell.swift */ = {isa = PBXFileReference; fileEncoding = 4; lastKnownFileType = sourcecode.swift; name = SceneTableViewCell.swift; path = ui/views/SceneTableViewCell.swift; sourceTree = "<group>"; };
		89C2EEBE1D4FC8E0005BB3C2 /* VideoPlayerViewController.swift */ = {isa = PBXFileReference; fileEncoding = 4; lastKnownFileType = sourcecode.swift; name = VideoPlayerViewController.swift; path = ui/VideoPlayerViewController.swift; sourceTree = "<group>"; };
		89C2EEC01D5134F7005BB3C2 /* Analytics.swift */ = {isa = PBXFileReference; fileEncoding = 4; lastKnownFileType = sourcecode.swift; name = Analytics.swift; path = util/Analytics.swift; sourceTree = "<group>"; };
		89C9860E1D45BA720056E687 /* AppDelegate.swift */ = {isa = PBXFileReference; fileEncoding = 4; lastKnownFileType = sourcecode.swift; path = AppDelegate.swift; sourceTree = "<group>"; };
		89C986101D45BA800056E687 /* LaunchScreen.storyboard */ = {isa = PBXFileReference; fileEncoding = 4; lastKnownFileType = file.storyboard; name = LaunchScreen.storyboard; path = features/LaunchScreen.storyboard; sourceTree = "<group>"; };
		89C986111D45BA800056E687 /* Login.storyboard */ = {isa = PBXFileReference; fileEncoding = 4; lastKnownFileType = file.storyboard; name = Login.storyboard; path = features/Login.storyboard; sourceTree = "<group>"; };
		89C986121D45BA800056E687 /* Main.storyboard */ = {isa = PBXFileReference; fileEncoding = 4; lastKnownFileType = file.storyboard; name = Main.storyboard; path = features/Main.storyboard; sourceTree = "<group>"; };
		89C986161D45BA8E0056E687 /* UserConfig.swift */ = {isa = PBXFileReference; fileEncoding = 4; lastKnownFileType = sourcecode.swift; name = UserConfig.swift; path = storage/UserConfig.swift; sourceTree = "<group>"; };
		89C986191D45BA990056E687 /* ProfileViewController.swift */ = {isa = PBXFileReference; fileEncoding = 4; lastKnownFileType = sourcecode.swift; name = ProfileViewController.swift; path = ui/ProfileViewController.swift; sourceTree = "<group>"; };
		89C9861A1D45BA990056E687 /* RepositoriesViewController.swift */ = {isa = PBXFileReference; fileEncoding = 4; lastKnownFileType = sourcecode.swift; name = RepositoriesViewController.swift; path = ui/RepositoriesViewController.swift; sourceTree = "<group>"; };
		89C9861F1D4660290056E687 /* BorderedButton.swift */ = {isa = PBXFileReference; fileEncoding = 4; lastKnownFileType = sourcecode.swift; name = BorderedButton.swift; path = ui/views/BorderedButton.swift; sourceTree = "<group>"; };
		89C986251D46823A0056E687 /* SignupInputViewController.swift */ = {isa = PBXFileReference; fileEncoding = 4; lastKnownFileType = sourcecode.swift; name = SignupInputViewController.swift; path = ui/SignupInputViewController.swift; sourceTree = "<group>"; };
		89C9862B1D4691D90056E687 /* BorderedTextField.swift */ = {isa = PBXFileReference; fileEncoding = 4; lastKnownFileType = sourcecode.swift; name = BorderedTextField.swift; path = ui/views/BorderedTextField.swift; sourceTree = "<group>"; };
		89C9862E1D46A56F0056E687 /* BardClient.swift */ = {isa = PBXFileReference; fileEncoding = 4; lastKnownFileType = sourcecode.swift; name = BardClient.swift; path = api/BardClient.swift; sourceTree = "<group>"; };
		89C986311D46AF230056E687 /* Configuration.swift */ = {isa = PBXFileReference; fileEncoding = 4; lastKnownFileType = sourcecode.swift; name = Configuration.swift; path = config/Configuration.swift; sourceTree = "<group>"; };
		89C986331D46D8350056E687 /* LoginInputViewController.swift */ = {isa = PBXFileReference; fileEncoding = 4; lastKnownFileType = sourcecode.swift; name = LoginInputViewController.swift; path = ui/LoginInputViewController.swift; sourceTree = "<group>"; };
		89C986361D46E3430056E687 /* Helper.swift */ = {isa = PBXFileReference; fileEncoding = 4; lastKnownFileType = sourcecode.swift; name = Helper.swift; path = util/Helper.swift; sourceTree = "<group>"; };
		89C986381D46EE040056E687 /* WelcomeViewController.swift */ = {isa = PBXFileReference; fileEncoding = 4; lastKnownFileType = sourcecode.swift; name = WelcomeViewController.swift; path = ui/WelcomeViewController.swift; sourceTree = "<group>"; };
		89CE80CE1D859F170009796D /* String+Helper.swift */ = {isa = PBXFileReference; fileEncoding = 4; lastKnownFileType = sourcecode.swift; name = "String+Helper.swift"; path = "extensions/String+Helper.swift"; sourceTree = "<group>"; };
		89CE80D01D860EA70009796D /* PreviewTimelineCollectionViewCell.swift */ = {isa = PBXFileReference; fileEncoding = 4; lastKnownFileType = sourcecode.swift; name = PreviewTimelineCollectionViewCell.swift; path = ui/views/PreviewTimelineCollectionViewCell.swift; sourceTree = "<group>"; };
		89DB08271D9331C1009241FD /* UIImage+Helper.swift */ = {isa = PBXFileReference; fileEncoding = 4; lastKnownFileType = sourcecode.swift; name = "UIImage+Helper.swift"; path = "extensions/UIImage+Helper.swift"; sourceTree = "<group>"; };
		89DB08291D95E3EE009241FD /* WordTagSelector.swift */ = {isa = PBXFileReference; fileEncoding = 4; lastKnownFileType = sourcecode.swift; name = WordTagSelector.swift; path = models/WordTagSelector.swift; sourceTree = "<group>"; };
		89DB082D1D973172009241FD /* SegueFromRight.swift */ = {isa = PBXFileReference; fileEncoding = 4; lastKnownFileType = sourcecode.swift; name = SegueFromRight.swift; path = ui/views/SegueFromRight.swift; sourceTree = "<group>"; };
		89DB082F1D97321D009241FD /* UnwindSegueFromRight.swift */ = {isa = PBXFileReference; fileEncoding = 4; lastKnownFileType = sourcecode.swift; name = UnwindSegueFromRight.swift; path = ui/views/UnwindSegueFromRight.swift; sourceTree = "<group>"; };
		89DB08351D97346C009241FD /* ShareEditorViewController.swift */ = {isa = PBXFileReference; fileEncoding = 4; lastKnownFileType = sourcecode.swift; name = ShareEditorViewController.swift; path = ui/ShareEditorViewController.swift; sourceTree = "<group>"; };
		89E3BBE51D47A9A000963EEE /* Bard-Bridging-Header.h */ = {isa = PBXFileReference; lastKnownFileType = sourcecode.c.h; path = "Bard-Bridging-Header.h"; sourceTree = "<group>"; };
		89E3BBE61D47D72300963EEE /* GoogleService-Info.plist */ = {isa = PBXFileReference; fileEncoding = 4; lastKnownFileType = text.plist.xml; path = "GoogleService-Info.plist"; sourceTree = "<group>"; };
		89E3BBE81D47F48600963EEE /* CharacterSelectViewController.swift */ = {isa = PBXFileReference; fileEncoding = 4; lastKnownFileType = sourcecode.swift; name = CharacterSelectViewController.swift; path = ui/CharacterSelectViewController.swift; sourceTree = "<group>"; };
		89FCDA2E1D4EA09F00326588 /* TabBarViewController.swift */ = {isa = PBXFileReference; fileEncoding = 4; lastKnownFileType = sourcecode.swift; name = TabBarViewController.swift; path = ui/TabBarViewController.swift; sourceTree = "<group>"; };
		977A13353D1C37465D0C5F9D /* Pods_Bard.framework */ = {isa = PBXFileReference; explicitFileType = wrapper.framework; includeInIndex = 0; path = Pods_Bard.framework; sourceTree = BUILT_PRODUCTS_DIR; };
		B128EAF2B771CB927D36F828 /* Pods-Bard.debug.xcconfig */ = {isa = PBXFileReference; includeInIndex = 1; lastKnownFileType = text.xcconfig; name = "Pods-Bard.debug.xcconfig"; path = "Pods/Target Support Files/Pods-Bard/Pods-Bard.debug.xcconfig"; sourceTree = "<group>"; };
/* End PBXFileReference section */

/* Begin PBXFrameworksBuildPhase section */
		89114E111D45A29E0078205C /* Frameworks */ = {
			isa = PBXFrameworksBuildPhase;
			buildActionMask = 2147483647;
			files = (
				8942C7691D996F81009F70A0 /* FBSDKShareKit.framework in Frameworks */,
				FD17554C7E51AFA7656D7139 /* Pods_Bard.framework in Frameworks */,
				8942C76B1D996FA0009F70A0 /* FBSDKMessengerShareKit.framework in Frameworks */,
				8942C76D1D9972D2009F70A0 /* Bolts.framework in Frameworks */,
				8942C7651D996F23009F70A0 /* FBSDKCoreKit.framework in Frameworks */,
				8942C7671D996F44009F70A0 /* FBSDKLoginKit.framework in Frameworks */,
			);
			runOnlyForDeploymentPostprocessing = 0;
		};
/* End PBXFrameworksBuildPhase section */

/* Begin PBXGroup section */
		686E856CA3F55BCF83FD52E8 /* Pods */ = {
			isa = PBXGroup;
			children = (
				B128EAF2B771CB927D36F828 /* Pods-Bard.debug.xcconfig */,
				42EA2D9D909571F24121B875 /* Pods-Bard.release.xcconfig */,
			);
			name = Pods;
			sourceTree = "<group>";
		};
		89114E0B1D45A29E0078205C = {
			isa = PBXGroup;
			children = (
				89114E161D45A29E0078205C /* Bard */,
				89114E151D45A29E0078205C /* Products */,
				686E856CA3F55BCF83FD52E8 /* Pods */,
				A41798276B171025AEF27ED2 /* Frameworks */,
			);
			sourceTree = "<group>";
		};
		89114E151D45A29E0078205C /* Products */ = {
			isa = PBXGroup;
			children = (
				89114E141D45A29E0078205C /* Bard.app */,
			);
			name = Products;
			sourceTree = "<group>";
		};
		89114E161D45A29E0078205C /* Bard */ = {
			isa = PBXGroup;
			children = (
				8929FFFC1D9C84B500BEB83B /* Bard.entitlements */,
				89C986301D46AED20056E687 /* config */,
				89C9862D1D46A5590056E687 /* api */,
				89C9860D1D45BA5C0056E687 /* storage */,
				89C9860C1D45BA570056E687 /* models */,
				89C9860B1D45BA510056E687 /* ui */,
				89C9860A1D45BA480056E687 /* features */,
				89C986351D46E3300056E687 /* util */,
				898CC11C1D4E5108006D56E4 /* extensions */,
				89114E201D45A29E0078205C /* Assets.xcassets */,
				89C9860E1D45BA720056E687 /* AppDelegate.swift */,
				89114E251D45A29E0078205C /* Info.plist */,
				89E3BBE61D47D72300963EEE /* GoogleService-Info.plist */,
				89E3BBE51D47A9A000963EEE /* Bard-Bridging-Header.h */,
			);
			path = Bard;
			sourceTree = "<group>";
		};
		898CC11C1D4E5108006D56E4 /* extensions */ = {
			isa = PBXGroup;
			children = (
				898CC11D1D4E5129006D56E4 /* UIColor+Helper.swift */,
				896074871D72495C0072C022 /* NSLayoutConstraint+Helper.swift */,
				89CE80CE1D859F170009796D /* String+Helper.swift */,
				89DB08271D9331C1009241FD /* UIImage+Helper.swift */,
			);
			name = extensions;
			sourceTree = "<group>";
		};
		89C9860A1D45BA480056E687 /* features */ = {
			isa = PBXGroup;
			children = (
				89C986101D45BA800056E687 /* LaunchScreen.storyboard */,
				89C986111D45BA800056E687 /* Login.storyboard */,
				89C986121D45BA800056E687 /* Main.storyboard */,
			);
			name = features;
			sourceTree = "<group>";
		};
		89C9860B1D45BA510056E687 /* ui */ = {
			isa = PBXGroup;
			children = (
				89C9861E1D465FF90056E687 /* views */,
				89C986191D45BA990056E687 /* ProfileViewController.swift */,
				89C9861A1D45BA990056E687 /* RepositoriesViewController.swift */,
				89C986331D46D8350056E687 /* LoginInputViewController.swift */,
				89C986251D46823A0056E687 /* SignupInputViewController.swift */,
				89C986381D46EE040056E687 /* WelcomeViewController.swift */,
				89E3BBE81D47F48600963EEE /* CharacterSelectViewController.swift */,
				890D3E641D493E8E008F96DF /* SceneSelectViewController.swift */,
				89FCDA2E1D4EA09F00326588 /* TabBarViewController.swift */,
				8942C7601D976D8D009F70A0 /* BardEditorViewController.swift */,
				89C2EEBE1D4FC8E0005BB3C2 /* VideoPlayerViewController.swift */,
				89DB08351D97346C009241FD /* ShareEditorViewController.swift */,
			);
			name = ui;
			sourceTree = "<group>";
		};
		89C9860C1D45BA570056E687 /* models */ = {
			isa = PBXGroup;
			children = (
				890D3E5C1D493931008F96DF /* Scene.swift */,
				890D3E5E1D493A20008F96DF /* Repository.swift */,
				890D3E621D493B98008F96DF /* Character.swift */,
				890D3E681D494A5D008F96DF /* VideoMerger.swift */,
				8974AF961D6F8F870022C0B0 /* VideoMergeManager.swift */,
				89DB08291D95E3EE009241FD /* WordTagSelector.swift */,
			);
			name = models;
			sourceTree = "<group>";
		};
		89C9860D1D45BA5C0056E687 /* storage */ = {
			isa = PBXGroup;
			children = (
				89C986161D45BA8E0056E687 /* UserConfig.swift */,
				890D3E601D493A8C008F96DF /* Storage.swift */,
			);
			name = storage;
			sourceTree = "<group>";
		};
		89C9861E1D465FF90056E687 /* views */ = {
			isa = PBXGroup;
			children = (
				89C9861F1D4660290056E687 /* BorderedButton.swift */,
				89C9862B1D4691D90056E687 /* BorderedTextField.swift */,
				899145C01D4A873C00C99369 /* SceneTableViewCell.swift */,
				898CC1181D4D1FEA006D56E4 /* WordTagCollectionViewCell.swift */,
				898CC11A1D4D3843006D56E4 /* UILabelWithPadding.swift */,
				89CE80D01D860EA70009796D /* PreviewTimelineCollectionViewCell.swift */,
				89DB082D1D973172009241FD /* SegueFromRight.swift */,
				89DB082F1D97321D009241FD /* UnwindSegueFromRight.swift */,
				8942C7621D98C0E4009F70A0 /* SocialShareCollectionViewCell.swift */,
			);
			name = views;
			sourceTree = "<group>";
		};
		89C9862D1D46A5590056E687 /* api */ = {
			isa = PBXGroup;
			children = (
				89C9862E1D46A56F0056E687 /* BardClient.swift */,
			);
			name = api;
			sourceTree = "<group>";
		};
		89C986301D46AED20056E687 /* config */ = {
			isa = PBXGroup;
			children = (
				89C986311D46AF230056E687 /* Configuration.swift */,
			);
			name = config;
			sourceTree = "<group>";
		};
		89C986351D46E3300056E687 /* util */ = {
			isa = PBXGroup;
			children = (
				89C986361D46E3430056E687 /* Helper.swift */,
				89C2EEC01D5134F7005BB3C2 /* Analytics.swift */,
			);
			name = util;
			sourceTree = "<group>";
		};
		A41798276B171025AEF27ED2 /* Frameworks */ = {
			isa = PBXGroup;
			children = (
				8942C76C1D9972D2009F70A0 /* Bolts.framework */,
				8942C76A1D996FA0009F70A0 /* FBSDKMessengerShareKit.framework */,
				8942C7681D996F81009F70A0 /* FBSDKShareKit.framework */,
				8942C7661D996F44009F70A0 /* FBSDKLoginKit.framework */,
				8942C7641D996F23009F70A0 /* FBSDKCoreKit.framework */,
				977A13353D1C37465D0C5F9D /* Pods_Bard.framework */,
			);
			name = Frameworks;
			sourceTree = "<group>";
		};
/* End PBXGroup section */

/* Begin PBXNativeTarget section */
		89114E131D45A29E0078205C /* Bard */ = {
			isa = PBXNativeTarget;
			buildConfigurationList = 89114E281D45A29E0078205C /* Build configuration list for PBXNativeTarget "Bard" */;
			buildPhases = (
				559CB3D99DD111105D4001BE /* [CP] Check Pods Manifest.lock */,
				89114E101D45A29E0078205C /* Sources */,
				89114E111D45A29E0078205C /* Frameworks */,
				89114E121D45A29E0078205C /* Resources */,
				E46759F306270173631FC45D /* [CP] Embed Pods Frameworks */,
				767A0489858A44FCB227562E /* [CP] Copy Pods Resources */,
			);
			buildRules = (
			);
			dependencies = (
			);
			name = Bard;
			productName = Bard;
			productReference = 89114E141D45A29E0078205C /* Bard.app */;
			productType = "com.apple.product-type.application";
		};
/* End PBXNativeTarget section */

/* Begin PBXProject section */
		89114E0C1D45A29E0078205C /* Project object */ = {
			isa = PBXProject;
			attributes = {
				LastSwiftUpdateCheck = 0730;
				LastUpgradeCheck = 0800;
				ORGANIZATIONNAME = "ROP Labs";
				TargetAttributes = {
					89114E131D45A29E0078205C = {
						CreatedOnToolsVersion = 7.3;
						DevelopmentTeam = 3CEJH6A7CY;
						LastSwiftMigration = 0800;
						SystemCapabilities = {
							com.apple.Keychain = {
								enabled = 1;
							};
							com.apple.Push = {
								enabled = 1;
							};
						};
					};
				};
			};
			buildConfigurationList = 89114E0F1D45A29E0078205C /* Build configuration list for PBXProject "Bard" */;
			compatibilityVersion = "Xcode 3.2";
			developmentRegion = English;
			hasScannedForEncodings = 0;
			knownRegions = (
				en,
				Base,
			);
			mainGroup = 89114E0B1D45A29E0078205C;
			productRefGroup = 89114E151D45A29E0078205C /* Products */;
			projectDirPath = "";
			projectRoot = "";
			targets = (
				89114E131D45A29E0078205C /* Bard */,
			);
		};
/* End PBXProject section */

/* Begin PBXResourcesBuildPhase section */
		89114E121D45A29E0078205C /* Resources */ = {
			isa = PBXResourcesBuildPhase;
			buildActionMask = 2147483647;
			files = (
				89114E211D45A29E0078205C /* Assets.xcassets in Resources */,
				89C986131D45BA800056E687 /* LaunchScreen.storyboard in Resources */,
				89E3BBE71D47D72300963EEE /* GoogleService-Info.plist in Resources */,
				89C986141D45BA800056E687 /* Login.storyboard in Resources */,
				89C986151D45BA800056E687 /* Main.storyboard in Resources */,
			);
			runOnlyForDeploymentPostprocessing = 0;
		};
/* End PBXResourcesBuildPhase section */

/* Begin PBXShellScriptBuildPhase section */
		559CB3D99DD111105D4001BE /* [CP] Check Pods Manifest.lock */ = {
			isa = PBXShellScriptBuildPhase;
			buildActionMask = 2147483647;
			files = (
			);
			inputPaths = (
			);
			name = "[CP] Check Pods Manifest.lock";
			outputPaths = (
			);
			runOnlyForDeploymentPostprocessing = 0;
			shellPath = /bin/sh;
			shellScript = "diff \"${PODS_ROOT}/../Podfile.lock\" \"${PODS_ROOT}/Manifest.lock\" > /dev/null\nif [[ $? != 0 ]] ; then\n    cat << EOM\nerror: The sandbox is not in sync with the Podfile.lock. Run 'pod install' or update your CocoaPods installation.\nEOM\n    exit 1\nfi\n";
			showEnvVarsInLog = 0;
		};
		767A0489858A44FCB227562E /* [CP] Copy Pods Resources */ = {
			isa = PBXShellScriptBuildPhase;
			buildActionMask = 2147483647;
			files = (
			);
			inputPaths = (
			);
			name = "[CP] Copy Pods Resources";
			outputPaths = (
			);
			runOnlyForDeploymentPostprocessing = 0;
			shellPath = /bin/sh;
			shellScript = "\"${SRCROOT}/Pods/Target Support Files/Pods-Bard/Pods-Bard-resources.sh\"\n";
			showEnvVarsInLog = 0;
		};
		E46759F306270173631FC45D /* [CP] Embed Pods Frameworks */ = {
			isa = PBXShellScriptBuildPhase;
			buildActionMask = 2147483647;
			files = (
			);
			inputPaths = (
			);
			name = "[CP] Embed Pods Frameworks";
			outputPaths = (
			);
			runOnlyForDeploymentPostprocessing = 0;
			shellPath = /bin/sh;
			shellScript = "\"${SRCROOT}/Pods/Target Support Files/Pods-Bard/Pods-Bard-frameworks.sh\"\n";
			showEnvVarsInLog = 0;
		};
/* End PBXShellScriptBuildPhase section */

/* Begin PBXSourcesBuildPhase section */
		89114E101D45A29E0078205C /* Sources */ = {
			isa = PBXSourcesBuildPhase;
			buildActionMask = 2147483647;
			files = (
				899145C11D4A873C00C99369 /* SceneTableViewCell.swift in Sources */,
				89C9861D1D45BA990056E687 /* RepositoriesViewController.swift in Sources */,
				890D3E691D494A5D008F96DF /* VideoMerger.swift in Sources */,
				89CE80CF1D859F170009796D /* String+Helper.swift in Sources */,
				8942C7631D98C0E4009F70A0 /* SocialShareCollectionViewCell.swift in Sources */,
				89CE80D11D860EA70009796D /* PreviewTimelineCollectionViewCell.swift in Sources */,
				89C986201D4660290056E687 /* BorderedButton.swift in Sources */,
				896074881D72495C0072C022 /* NSLayoutConstraint+Helper.swift in Sources */,
				890D3E5F1D493A20008F96DF /* Repository.swift in Sources */,
				89C986171D45BA8E0056E687 /* UserConfig.swift in Sources */,
				89C9861C1D45BA990056E687 /* ProfileViewController.swift in Sources */,
				890D3E5D1D493931008F96DF /* Scene.swift in Sources */,
				89C986321D46AF230056E687 /* Configuration.swift in Sources */,
				89C986261D46823A0056E687 /* SignupInputViewController.swift in Sources */,
				898CC11B1D4D3843006D56E4 /* UILabelWithPadding.swift in Sources */,
				89E3BBE91D47F48600963EEE /* CharacterSelectViewController.swift in Sources */,
				89FCDA2F1D4EA09F00326588 /* TabBarViewController.swift in Sources */,
				890D3E651D493E8E008F96DF /* SceneSelectViewController.swift in Sources */,
				89C2EEBF1D4FC8E0005BB3C2 /* VideoPlayerViewController.swift in Sources */,
				89C986391D46EE040056E687 /* WelcomeViewController.swift in Sources */,
				89C2EEC11D5134F7005BB3C2 /* Analytics.swift in Sources */,
				89C9862F1D46A56F0056E687 /* BardClient.swift in Sources */,
				89DB08301D97321D009241FD /* UnwindSegueFromRight.swift in Sources */,
				898CC1191D4D1FEA006D56E4 /* WordTagCollectionViewCell.swift in Sources */,
				89C9860F1D45BA720056E687 /* AppDelegate.swift in Sources */,
				89DB082A1D95E3EE009241FD /* WordTagSelector.swift in Sources */,
				89C986341D46D8350056E687 /* LoginInputViewController.swift in Sources */,
				890D3E611D493A8C008F96DF /* Storage.swift in Sources */,
				8974AF971D6F8F870022C0B0 /* VideoMergeManager.swift in Sources */,
				89DB08281D9331C1009241FD /* UIImage+Helper.swift in Sources */,
				89C986371D46E3430056E687 /* Helper.swift in Sources */,
				89DB08361D97346C009241FD /* ShareEditorViewController.swift in Sources */,
				890D3E631D493B98008F96DF /* Character.swift in Sources */,
				8942C7611D976D8D009F70A0 /* BardEditorViewController.swift in Sources */,
				89C9862C1D4691D90056E687 /* BorderedTextField.swift in Sources */,
				89DB082E1D973172009241FD /* SegueFromRight.swift in Sources */,
				898CC11E1D4E5129006D56E4 /* UIColor+Helper.swift in Sources */,
			);
			runOnlyForDeploymentPostprocessing = 0;
		};
/* End PBXSourcesBuildPhase section */

/* Begin XCBuildConfiguration section */
		89114E261D45A29E0078205C /* Debug */ = {
			isa = XCBuildConfiguration;
			buildSettings = {
				ALWAYS_SEARCH_USER_PATHS = NO;
				CLANG_ANALYZER_NONNULL = YES;
				CLANG_CXX_LANGUAGE_STANDARD = "gnu++0x";
				CLANG_CXX_LIBRARY = "libc++";
				CLANG_ENABLE_MODULES = YES;
				CLANG_ENABLE_OBJC_ARC = YES;
				CLANG_WARN_BOOL_CONVERSION = YES;
				CLANG_WARN_CONSTANT_CONVERSION = YES;
				CLANG_WARN_DIRECT_OBJC_ISA_USAGE = YES_ERROR;
				CLANG_WARN_EMPTY_BODY = YES;
				CLANG_WARN_ENUM_CONVERSION = YES;
				CLANG_WARN_INFINITE_RECURSION = YES;
				CLANG_WARN_INT_CONVERSION = YES;
				CLANG_WARN_OBJC_ROOT_CLASS = YES_ERROR;
				CLANG_WARN_SUSPICIOUS_MOVE = YES;
				CLANG_WARN_UNREACHABLE_CODE = YES;
				CLANG_WARN__DUPLICATE_METHOD_MATCH = YES;
				"CODE_SIGN_IDENTITY[sdk=iphoneos*]" = "iPhone Developer";
				COPY_PHASE_STRIP = NO;
				DEBUG_INFORMATION_FORMAT = dwarf;
				ENABLE_STRICT_OBJC_MSGSEND = YES;
				ENABLE_TESTABILITY = YES;
				GCC_C_LANGUAGE_STANDARD = gnu99;
				GCC_DYNAMIC_NO_PIC = NO;
				GCC_NO_COMMON_BLOCKS = YES;
				GCC_OPTIMIZATION_LEVEL = 0;
				GCC_PREPROCESSOR_DEFINITIONS = (
					"DEBUG=1",
					"$(inherited)",
				);
				GCC_WARN_64_TO_32_BIT_CONVERSION = YES;
				GCC_WARN_ABOUT_RETURN_TYPE = YES_ERROR;
				GCC_WARN_UNDECLARED_SELECTOR = YES;
				GCC_WARN_UNINITIALIZED_AUTOS = YES_AGGRESSIVE;
				GCC_WARN_UNUSED_FUNCTION = YES;
				GCC_WARN_UNUSED_VARIABLE = YES;
				IPHONEOS_DEPLOYMENT_TARGET = 8.0;
				MTL_ENABLE_DEBUG_INFO = YES;
				ONLY_ACTIVE_ARCH = YES;
				SDKROOT = iphoneos;
				SWIFT_OPTIMIZATION_LEVEL = "-Onone";
				TARGETED_DEVICE_FAMILY = "1,2";
			};
			name = Debug;
		};
		89114E271D45A29E0078205C /* Release */ = {
			isa = XCBuildConfiguration;
			buildSettings = {
				ALWAYS_SEARCH_USER_PATHS = NO;
				CLANG_ANALYZER_NONNULL = YES;
				CLANG_CXX_LANGUAGE_STANDARD = "gnu++0x";
				CLANG_CXX_LIBRARY = "libc++";
				CLANG_ENABLE_MODULES = YES;
				CLANG_ENABLE_OBJC_ARC = YES;
				CLANG_WARN_BOOL_CONVERSION = YES;
				CLANG_WARN_CONSTANT_CONVERSION = YES;
				CLANG_WARN_DIRECT_OBJC_ISA_USAGE = YES_ERROR;
				CLANG_WARN_EMPTY_BODY = YES;
				CLANG_WARN_ENUM_CONVERSION = YES;
				CLANG_WARN_INFINITE_RECURSION = YES;
				CLANG_WARN_INT_CONVERSION = YES;
				CLANG_WARN_OBJC_ROOT_CLASS = YES_ERROR;
				CLANG_WARN_SUSPICIOUS_MOVE = YES;
				CLANG_WARN_UNREACHABLE_CODE = YES;
				CLANG_WARN__DUPLICATE_METHOD_MATCH = YES;
				"CODE_SIGN_IDENTITY[sdk=iphoneos*]" = "iPhone Developer";
				COPY_PHASE_STRIP = NO;
				DEBUG_INFORMATION_FORMAT = "dwarf-with-dsym";
				ENABLE_NS_ASSERTIONS = NO;
				ENABLE_STRICT_OBJC_MSGSEND = YES;
				GCC_C_LANGUAGE_STANDARD = gnu99;
				GCC_NO_COMMON_BLOCKS = YES;
				GCC_WARN_64_TO_32_BIT_CONVERSION = YES;
				GCC_WARN_ABOUT_RETURN_TYPE = YES_ERROR;
				GCC_WARN_UNDECLARED_SELECTOR = YES;
				GCC_WARN_UNINITIALIZED_AUTOS = YES_AGGRESSIVE;
				GCC_WARN_UNUSED_FUNCTION = YES;
				GCC_WARN_UNUSED_VARIABLE = YES;
				IPHONEOS_DEPLOYMENT_TARGET = 8.0;
				MTL_ENABLE_DEBUG_INFO = NO;
				SDKROOT = iphoneos;
				TARGETED_DEVICE_FAMILY = "1,2";
				VALIDATE_PRODUCT = YES;
			};
			name = Release;
		};
		89114E291D45A29E0078205C /* Debug */ = {
			isa = XCBuildConfiguration;
			baseConfigurationReference = B128EAF2B771CB927D36F828 /* Pods-Bard.debug.xcconfig */;
			buildSettings = {
				ALWAYS_EMBED_SWIFT_STANDARD_LIBRARIES = YES;
				ASSETCATALOG_COMPILER_APPICON_NAME = AppIcon;
				CLANG_ENABLE_MODULES = YES;
				CODE_SIGN_ENTITLEMENTS = Bard/Bard.entitlements;
				CODE_SIGN_IDENTITY = "iPhone Developer";
				"CODE_SIGN_IDENTITY[sdk=iphoneos*]" = "iPhone Developer";
				FRAMEWORK_SEARCH_PATHS = (
					"$(inherited)",
					"$(PROJECT_DIR)",
				);
				INFOPLIST_FILE = Bard/Info.plist;
				IPHONEOS_DEPLOYMENT_TARGET = 8.0;
				LD_RUNPATH_SEARCH_PATHS = "$(inherited) @executable_path/Frameworks";
				OTHER_SWIFT_FLAGS = "$(inherited) -DDEBUG";
				PRODUCT_BUNDLE_IDENTIFIER = com.roplabs.bard;
				PRODUCT_NAME = "$(TARGET_NAME)";
				PROVISIONING_PROFILE = "";
				SWIFT_INSTALL_OBJC_HEADER = NO;
				SWIFT_OBJC_BRIDGING_HEADER = "Bard/Bard-Bridging-Header.h";
				SWIFT_OPTIMIZATION_LEVEL = "-Onone";
				SWIFT_VERSION = 2.3;
				TARGETED_DEVICE_FAMILY = 1;
			};
			name = Debug;
		};
		89114E2A1D45A29E0078205C /* Release */ = {
			isa = XCBuildConfiguration;
			baseConfigurationReference = 42EA2D9D909571F24121B875 /* Pods-Bard.release.xcconfig */;
			buildSettings = {
				ALWAYS_EMBED_SWIFT_STANDARD_LIBRARIES = YES;
				ASSETCATALOG_COMPILER_APPICON_NAME = AppIcon;
				CLANG_ENABLE_MODULES = YES;
				CODE_SIGN_ENTITLEMENTS = Bard/Bard.entitlements;
				CODE_SIGN_IDENTITY = "iPhone Developer";
				"CODE_SIGN_IDENTITY[sdk=iphoneos*]" = "iPhone Developer";
				FRAMEWORK_SEARCH_PATHS = (
					"$(inherited)",
					"$(PROJECT_DIR)",
				);
				INFOPLIST_FILE = Bard/Info.plist;
				IPHONEOS_DEPLOYMENT_TARGET = 8.0;
				LD_RUNPATH_SEARCH_PATHS = "$(inherited) @executable_path/Frameworks";
				PRODUCT_BUNDLE_IDENTIFIER = com.roplabs.bard;
				PRODUCT_NAME = "$(TARGET_NAME)";
				PROVISIONING_PROFILE = "";
				SWIFT_INSTALL_OBJC_HEADER = NO;
				SWIFT_OBJC_BRIDGING_HEADER = "Bard/Bard-Bridging-Header.h";
				SWIFT_OPTIMIZATION_LEVEL = "-Onone";
				SWIFT_VERSION = 2.3;
				TARGETED_DEVICE_FAMILY = 1;
			};
			name = Release;
		};
/* End XCBuildConfiguration section */

/* Begin XCConfigurationList section */
		89114E0F1D45A29E0078205C /* Build configuration list for PBXProject "Bard" */ = {
			isa = XCConfigurationList;
			buildConfigurations = (
				89114E261D45A29E0078205C /* Debug */,
				89114E271D45A29E0078205C /* Release */,
			);
			defaultConfigurationIsVisible = 0;
			defaultConfigurationName = Release;
		};
		89114E281D45A29E0078205C /* Build configuration list for PBXNativeTarget "Bard" */ = {
			isa = XCConfigurationList;
			buildConfigurations = (
				89114E291D45A29E0078205C /* Debug */,
				89114E2A1D45A29E0078205C /* Release */,
			);
			defaultConfigurationIsVisible = 0;
			defaultConfigurationName = Release;
		};
/* End XCConfigurationList section */
	};
	rootObject = 89114E0C1D45A29E0078205C /* Project object */;
}
